
Microsoft Visual Studio Solution File, Format Version 12.00
# Visual Studio Version 17
VisualStudioVersion = 17.6.33815.320
MinimumVisualStudioVersion = 10.0.40219.1
Project("{FAE04EC0-301F-11D3-BF4B-00C04F79EFBC}") = "TopNews.WEB", "TopNews.WEB\TopNews.WEB.csproj", "{C8499EBC-AADB-4016-B44F-143E0CB8F779}"
	ProjectSection(ProjectDependencies) = postProject
		{2C32BB61-07AA-44B4-A622-6AB6079427F2} = {2C32BB61-07AA-44B4-A622-6AB6079427F2}
		{98CBFA98-F1B8-4D7D-8F06-141AEA201B72} = {98CBFA98-F1B8-4D7D-8F06-141AEA201B72}
	EndProjectSection
EndProject
Project("{FAE04EC0-301F-11D3-BF4B-00C04F79EFBC}") = "TopNews.Infrastructure", "TopNews.Infrastructure\TopNews.Infrastructure.csproj", "{98CBFA98-F1B8-4D7D-8F06-141AEA201B72}"
	ProjectSection(ProjectDependencies) = postProject
		{2C32BB61-07AA-44B4-A622-6AB6079427F2} = {2C32BB61-07AA-44B4-A622-6AB6079427F2}
	EndProjectSection
EndProject
Project("{FAE04EC0-301F-11D3-BF4B-00C04F79EFBC}") = "TopNews.Core", "TopNews.Core\TopNews.Core.csproj", "{2C32BB61-07AA-44B4-A622-6AB6079427F2}"
EndProject
Global
	GlobalSection(SolutionConfigurationPlatforms) = preSolution
		Debug|Any CPU = Debug|Any CPU
		Release|Any CPU = Release|Any CPU
	EndGlobalSection
	GlobalSection(ProjectConfigurationPlatforms) = postSolution
		{C8499EBC-AADB-4016-B44F-143E0CB8F779}.Debug|Any CPU.ActiveCfg = Debug|Any CPU
		{C8499EBC-AADB-4016-B44F-143E0CB8F779}.Debug|Any CPU.Build.0 = Debug|Any CPU
		{C8499EBC-AADB-4016-B44F-143E0CB8F779}.Release|Any CPU.ActiveCfg = Release|Any CPU
		{C8499EBC-AADB-4016-B44F-143E0CB8F779}.Release|Any CPU.Build.0 = Release|Any CPU
		{98CBFA98-F1B8-4D7D-8F06-141AEA201B72}.Debug|Any CPU.ActiveCfg = Debug|Any CPU
		{98CBFA98-F1B8-4D7D-8F06-141AEA201B72}.Debug|Any CPU.Build.0 = Debug|Any CPU
		{98CBFA98-F1B8-4D7D-8F06-141AEA201B72}.Release|Any CPU.ActiveCfg = Release|Any CPU
		{98CBFA98-F1B8-4D7D-8F06-141AEA201B72}.Release|Any CPU.Build.0 = Release|Any CPU
		{2C32BB61-07AA-44B4-A622-6AB6079427F2}.Debug|Any CPU.ActiveCfg = Debug|Any CPU
		{2C32BB61-07AA-44B4-A622-6AB6079427F2}.Debug|Any CPU.Build.0 = Debug|Any CPU
		{2C32BB61-07AA-44B4-A622-6AB6079427F2}.Release|Any CPU.ActiveCfg = Release|Any CPU
		{2C32BB61-07AA-44B4-A622-6AB6079427F2}.Release|Any CPU.Build.0 = Release|Any CPU
	EndGlobalSection
	GlobalSection(SolutionProperties) = preSolution
		HideSolutionNode = FALSE
	EndGlobalSection
	GlobalSection(ExtensibilityGlobals) = postSolution
		SolutionGuid = {DE6C2322-A7C6-4D4E-8A38-8887F45B9E81}
	EndGlobalSection
EndGlobal
